<Solution>
  <Folder Name="/src/">
    <Project Path="src/Roman.RedisManager.Domain/Roman.RedisManager.Domain.csproj" />
    <Project Path="src/Roman.RedisManager.Infrastructure/Roman.RedisManager.Infrastructure.csproj" />
    <Project Path="src/Roman.RedisManager.Web/Roman.RedisManager.Web.csproj" />
  </Folder>
  <Folder Name="/tests/">
    <Project Path="tests/Roman.RedisManager.Tests/Roman.RedisManager.Tests.csproj" />
  </Folder>
</Solution>
