<Solution>
  <Folder Name="/src/">
    <Project Path="src/Roman.RedisManager.Application/Roman.RedisManager.Application.csproj" Id="545907d2-2e06-4496-baa9-65d392345a07" />
    <Project Path="src/Roman.RedisManager.Domain/Roman.RedisManager.Domain.csproj" />
    <Project Path="src/Roman.RedisManager.Infrastructure/Roman.RedisManager.Infrastructure.csproj" />
    <Project Path="src/Roman.RedisManager.Web/Roman.RedisManager.Web.csproj" />
  </Folder>
  <Folder Name="/tests/">
    <Project Path="tests/Roman.RedisManager.Tests/Roman.RedisManager.Tests.csproj" />
  </Folder>
</Solution>
